{
  "name": "cloudarchitect-prebuild",
  "version": "1.0.0",
  "lockfileVersion": 3,
  "requires": true,
  "packages": {
    "": {
      "name": "cloudarchitect-prebuild",
      "version": "1.0.0",
      "license": "ISC",
      "dependencies": {
        "text-case": "^1.2.9"
      }
    },
    "node_modules/text-camel-case": {
      "version": "1.2.9",
      "resolved": "https://registry.npmjs.org/text-camel-case/-/text-camel-case-1.2.9.tgz",
      "integrity": "sha512-wKYs9SgRxYizJE1mneR7BbLNlGw2IYzJAS8XwkWIry0CTbO1gvvPkFsx5Z1/hr+VqUaBqx9q3yKd30HpZLdMsQ==",
      "license": "MIT",
      "dependencies": {
        "text-pascal-case": "1.2.9"
      }
    },
    "node_modules/text-capital-case": {
      "version": "1.2.9",
      "resolved": "https://registry.npmjs.org/text-capital-case/-/text-capital-case-1.2.9.tgz",
      "integrity": "sha512-X5zV8U8pxtq2xS2t46lgAWqZdDbgWMKq03MQSNwY2CJdQCsdTNh144E2Q/q9wBxWzSBUXn+jRc9kF+Gs8/pGhA==",
      "license": "MIT",
      "dependencies": {
        "text-no-case": "1.2.9",
        "text-upper-case-first": "1.2.9"
      }
    },
    "node_modules/text-case": {
      "version": "1.2.9",
      "resolved": "https://registry.npmjs.org/text-case/-/text-case-1.2.9.tgz",
      "integrity": "sha512-zZVdA8rMcjx9zhekdUuOPZShc25UTV7W8/ddKbgbPtfCEvIiToPtWiSd2lXLSuiGMovNhJ4+Tw49xll9o9ts+Q==",
      "license": "MIT",
      "dependencies": {
        "text-camel-case": "1.2.9",
        "text-capital-case": "1.2.9",
        "text-constant-case": "1.2.9",
        "text-dot-case": "1.2.9",
        "text-header-case": "1.2.9",
        "text-is-lower-case": "1.2.9",
        "text-is-upper-case": "1.2.9",
        "text-kebab-case": "1.2.9",
        "text-lower-case": "1.2.9",
        "text-lower-case-first": "1.2.9",
        "text-no-case": "1.2.9",
        "text-param-case": "1.2.9",
        "text-pascal-case": "1.2.9",
        "text-path-case": "1.2.9",
        "text-sentence-case": "1.2.9",
        "text-snake-case": "1.2.9",
        "text-swap-case": "1.2.9",
        "text-title-case": "1.2.9",
        "text-upper-case": "1.2.9",
        "text-upper-case-first": "1.2.9"
      }
    },
    "node_modules/text-constant-case": {
      "version": "1.2.9",
      "resolved": "https://registry.npmjs.org/text-constant-case/-/text-constant-case-1.2.9.tgz",
      "integrity": "sha512-Vosm6nC7Gag+JFakJHwqS9AXRNgl07j5KZ7srU9cYuKRzYwrxzeJ4RpEogRBNHw7CfmOm0j5FGEznblWtu7pIw==",
      "license": "MIT",
      "dependencies": {
        "text-no-case": "1.2.9",
        "text-upper-case": "1.2.9"
      }
    },
    "node_modules/text-dot-case": {
      "version": "1.2.9",
      "resolved": "https://registry.npmjs.org/text-dot-case/-/text-dot-case-1.2.9.tgz",
      "integrity": "sha512-N83hsnvGdSO9q9AfNSB9Cy1LFDNN2MCx53LcxtaPoDWPUTk47fv0JlvIY1tgY0wyzCiThF03kVj3jworvAOScA==",
      "license": "MIT",
      "dependencies": {
        "text-no-case": "1.2.9"
      }
    },
    "node_modules/text-header-case": {
      "version": "1.2.9",
      "resolved": "https://registry.npmjs.org/text-header-case/-/text-header-case-1.2.9.tgz",
      "integrity": "sha512-TqryEKcYisQAfWLbtT3xPnZlMZ/mySO1uS+LUg+B0eNuqgETrSzVpXIUj5E6Zf/EyJHgpZf4VndbAXtOMJuT4w==",
      "license": "MIT",
      "dependencies": {
        "text-capital-case": "1.2.9"
      }
    },
    "node_modules/text-is-lower-case": {
      "version": "1.2.9",
      "resolved": "https://registry.npmjs.org/text-is-lower-case/-/text-is-lower-case-1.2.9.tgz",
      "integrity": "sha512-cEurrWSnYVYqL8FSwl5cK4mdfqF7qNDCcKJgXI3NnfTesiB8umxAhdlQoErrRYI1xEvYr2WN0MI333EehUhQjg==",
      "license": "MIT"
    },
    "node_modules/text-is-upper-case": {
      "version": "1.2.9",
      "resolved": "https://registry.npmjs.org/text-is-upper-case/-/text-is-upper-case-1.2.9.tgz",
      "integrity": "sha512-HxsWr3VCsXXiLlhD0c+Ey+mS2lOTCiSJbkepjaXNHl2bp33KiscQaiG0qLwQmmpZQm4SJCg2s9FkndxS0RNDLQ==",
      "license": "MIT"
    },
    "node_modules/text-kebab-case": {
      "version": "1.2.9",
      "resolved": "https://registry.npmjs.org/text-kebab-case/-/text-kebab-case-1.2.9.tgz",
      "integrity": "sha512-nOUyNR5Ej2B9D/wyyXfwUEv26+pQuOb1pEX+ojE37mCIWo8QeOxw5y6nxuqDmG7NrEPzbO6265UMV+EICH13Cw==",
      "license": "MIT",
      "dependencies": {
        "text-no-case": "1.2.9"
      }
    },
    "node_modules/text-lower-case": {
      "version": "1.2.9",
      "resolved": "https://registry.npmjs.org/text-lower-case/-/text-lower-case-1.2.9.tgz",
      "integrity": "sha512-53AOnDrhPpiAUQkgY1SHleKUXp/u7GsqRX13NcCREZscmtjLLJ099uxMRjkK7q2KwHkFYVPl9ytkQlTkTQLS0w==",
      "license": "MIT"
    },
    "node_modules/text-lower-case-first": {
      "version": "1.2.9",
      "resolved": "https://registry.npmjs.org/text-lower-case-first/-/text-lower-case-first-1.2.9.tgz",
      "integrity": "sha512-iiphHTV7PVH0MljrEQUA9iBE7jfDpXoi4RQju3WzZU3BRVbS6540cNZgxR19hWa0z6z/7cJTH0Ls9LPBaiUfKg==",
      "license": "MIT"
    },
    "node_modules/text-no-case": {
      "version": "1.2.9",
      "resolved": "https://registry.npmjs.org/text-no-case/-/text-no-case-1.2.9.tgz",
      "integrity": "sha512-IcCt328KaapimSrytP4ThfC8URmHZb2DgOqCL9BYvGjpxY2lDiqCkIQk9sClZtwcELs2gTnq83a7jNc573FTLA==",
      "license": "MIT",
      "dependencies": {
        "text-lower-case": "1.2.9"
      }
    },
    "node_modules/text-param-case": {
      "version": "1.2.9",
      "resolved": "https://registry.npmjs.org/text-param-case/-/text-param-case-1.2.9.tgz",
      "integrity": "sha512-nR/Ju9amY3aQS1en2CUCgqN/ZiZIVdDyjlJ3xX5J92ChBevGuA4o9K10fh3JGMkbzK97Vcb+bWQJ4Q+Svz+GyQ==",
      "license": "MIT",
      "dependencies": {
        "text-dot-case": "1.2.9"
      }
    },
    "node_modules/text-pascal-case": {
      "version": "1.2.9",
      "resolved": "https://registry.npmjs.org/text-pascal-case/-/text-pascal-case-1.2.9.tgz",
      "integrity": "sha512-o6ZxMGjWDTUW54pcghpXes+C2PqbYRMdU5mHrIhueb6z6nq1NueiIOeCUdrSjN/3wXfhCmnFjK7/d9aRGZNqSg==",
      "license": "MIT",
      "dependencies": {
        "text-no-case": "1.2.9"
      }
    },
    "node_modules/text-path-case": {
      "version": "1.2.9",
      "resolved": "https://registry.npmjs.org/text-path-case/-/text-path-case-1.2.9.tgz",
      "integrity": "sha512-s8cJ6r5TkJp5ticXMgtxd7f12odEN4d1CfX5u4aoz6jcUtBR2lDqzIhVimkqWFMJ4UKPSrmilUha8Xc2BPi+ow==",
      "license": "MIT",
      "dependencies": {
        "text-dot-case": "1.2.9"
      }
    },
    "node_modules/text-sentence-case": {
      "version": "1.2.9",
      "resolved": "https://registry.npmjs.org/text-sentence-case/-/text-sentence-case-1.2.9.tgz",
      "integrity": "sha512-/G/Yi5kZfUa1edFRV4O3lGZAkbDZTFvlwW8CYfH7szkEGe2k2MYEYbOyAkGRVQEGV6V6JiuUAaP3VS9c1tB6nQ==",
      "license": "MIT",
      "dependencies": {
        "text-no-case": "1.2.9",
        "text-upper-case-first": "1.2.9"
      }
    },
    "node_modules/text-snake-case": {
      "version": "1.2.9",
      "resolved": "https://registry.npmjs.org/text-snake-case/-/text-snake-case-1.2.9.tgz",
      "integrity": "sha512-+ZrqK19ynF/TLQZ7ynqVrL2Dy04uu9syYZwsm8PhzUdsY3XrwPy6QiRqhIEFqhyWbShPcfyfmheer5UEQqFxlw==",
      "license": "MIT",
      "dependencies": {
        "text-dot-case": "1.2.9"
      }
    },
    "node_modules/text-swap-case": {
      "version": "1.2.9",
      "resolved": "https://registry.npmjs.org/text-swap-case/-/text-swap-case-1.2.9.tgz",
      "integrity": "sha512-g5fp12ldktYKK9wdHRMvvtSCQrZYNv/D+ZGLumDsvAY4q9T5bCMO2IWMkIP1F5gVQrysdHH6Xv877P/pjUq1iw==",
      "license": "MIT"
    },
    "node_modules/text-title-case": {
      "version": "1.2.9",
      "resolved": "https://registry.npmjs.org/text-title-case/-/text-title-case-1.2.9.tgz",
      "integrity": "sha512-RAtC9cdmPp41ns5/HXZBsaQg71BsHT7uZpj2ojTtuFa8o2dNuRYYOrSmy5YdLRIAJQ6WK5hQVpV3jHuq7a+4Tw==",
      "license": "MIT",
      "dependencies": {
        "text-no-case": "1.2.9",
        "text-upper-case-first": "1.2.9"
      }
    },
    "node_modules/text-upper-case": {
      "version": "1.2.9",
      "resolved": "https://registry.npmjs.org/text-upper-case/-/text-upper-case-1.2.9.tgz",
      "integrity": "sha512-K/0DNT7a4z8eah2spARtoJllTZyrNTo6Uc0ujhN/96Ir9uJ/slpahfs13y46H9osL3daaLl3O7iXOkW4xtX6bg==",
      "license": "MIT"
    },
    "node_modules/text-upper-case-first": {
      "version": "1.2.9",
      "resolved": "https://registry.npmjs.org/text-upper-case-first/-/text-upper-case-first-1.2.9.tgz",
      "integrity": "sha512-wEDD1B6XqJmEV+xEnBJd+2sBCHZ+7fvA/8Rv/o8+dAsp05YWjYP/kjB8sPH6zqzW0s6jtehIg4IlcKjcYxk2CQ==",
      "license": "MIT"
    }
  }
}
